
Microsoft Visual Studio Solution File, Format Version 12.00
# Visual Studio Version 16
VisualStudioVersion = 16.0.29709.97
MinimumVisualStudioVersion = 10.0.40219.1
Project("{FAE04EC0-301F-11D3-BF4B-00C04F79EFBC}") = "TBQuestFinalS3", "TBQuestFinal\TBQuestFinalS3.csproj", "{AD336F0A-9921-46B3-8028-CD0F5C402798}"
EndProject
Global
	GlobalSection(SolutionConfigurationPlatforms) = preSolution
		Debug|Any CPU = Debug|Any CPU
		Release|Any CPU = Release|Any CPU
	EndGlobalSection
	GlobalSection(ProjectConfigurationPlatforms) = postSolution
		{AD336F0A-9921-46B3-8028-CD0F5C402798}.Debug|Any CPU.ActiveCfg = Debug|Any CPU
		{AD336F0A-9921-46B3-8028-CD0F5C402798}.Debug|Any CPU.Build.0 = Debug|Any CPU
		{AD336F0A-9921-46B3-8028-CD0F5C402798}.Release|Any CPU.ActiveCfg = Release|Any CPU
		{AD336F0A-9921-46B3-8028-CD0F5C402798}.Release|Any CPU.Build.0 = Release|Any CPU
	EndGlobalSection
	GlobalSection(SolutionProperties) = preSolution
		HideSolutionNode = FALSE
	EndGlobalSection
	GlobalSection(ExtensibilityGlobals) = postSolution
		SolutionGuid = {468F49C1-29F4-4B2E-A9D5-D0CAE2B0DC26}
	EndGlobalSection
EndGlobal
